
Microsoft Visual Studio Solution File, Format Version 12.00
# Visual Studio Version 17
VisualStudioVersion = 17.2.32630.192
MinimumVisualStudioVersion = 10.0.40219.1
Project("{FAE04EC0-301F-11D3-BF4B-00C04F79EFBC}") = "mgg", "mgg\mgg.csproj", "{AD3273DE-B891-4CAF-ADDC-589228B7080E}"
EndProject
Global
	GlobalSection(SolutionConfigurationPlatforms) = preSolution
		Debug|Any CPU = Debug|Any CPU
		Release|Any CPU = Release|Any CPU
	EndGlobalSection
	GlobalSection(ProjectConfigurationPlatforms) = postSolution
		{AD3273DE-B891-4CAF-ADDC-589228B7080E}.Debug|Any CPU.ActiveCfg = Debug|Any CPU
		{AD3273DE-B891-4CAF-ADDC-589228B7080E}.Debug|Any CPU.Build.0 = Debug|Any CPU
		{AD3273DE-B891-4CAF-ADDC-589228B7080E}.Release|Any CPU.ActiveCfg = Release|Any CPU
		{AD3273DE-B891-4CAF-ADDC-589228B7080E}.Release|Any CPU.Build.0 = Release|Any CPU
	EndGlobalSection
	GlobalSection(SolutionProperties) = preSolution
		HideSolutionNode = FALSE
	EndGlobalSection
	GlobalSection(ExtensibilityGlobals) = postSolution
		SolutionGuid = {1F5934E7-88D8-4F07-B64D-7FF4F6AC2969}
	EndGlobalSection
EndGlobal
